
Microsoft Visual Studio Solution File, Format Version 12.00
# Visual Studio Version 17
VisualStudioVersion = 17.7.34024.191
MinimumVisualStudioVersion = 10.0.40219.1
Project("{54A90642-561A-4BB1-A94E-469ADEE60C69}") = "app", "app\app.esproj", "{4FD26A08-CC64-4025-84C0-F799013E6565}"
EndProject
Project("{FAE04EC0-301F-11D3-BF4B-00C04F79EFBC}") = "server", "server\server.csproj", "{D858F2C4-3482-4D6F-8F9C-F01E7F75C528}"
EndProject
Global
	GlobalSection(SolutionConfigurationPlatforms) = preSolution
		Debug|Any CPU = Debug|Any CPU
		Release|Any CPU = Release|Any CPU
	EndGlobalSection
	GlobalSection(ProjectConfigurationPlatforms) = postSolution
		{4FD26A08-CC64-4025-84C0-F799013E6565}.Debug|Any CPU.ActiveCfg = Debug|Any CPU
		{4FD26A08-CC64-4025-84C0-F799013E6565}.Debug|Any CPU.Build.0 = Debug|Any CPU
		{4FD26A08-CC64-4025-84C0-F799013E6565}.Debug|Any CPU.Deploy.0 = Debug|Any CPU
		{4FD26A08-CC64-4025-84C0-F799013E6565}.Release|Any CPU.ActiveCfg = Release|Any CPU
		{4FD26A08-CC64-4025-84C0-F799013E6565}.Release|Any CPU.Build.0 = Release|Any CPU
		{4FD26A08-CC64-4025-84C0-F799013E6565}.Release|Any CPU.Deploy.0 = Release|Any CPU
		{D858F2C4-3482-4D6F-8F9C-F01E7F75C528}.Debug|Any CPU.ActiveCfg = Debug|Any CPU
		{D858F2C4-3482-4D6F-8F9C-F01E7F75C528}.Debug|Any CPU.Build.0 = Debug|Any CPU
		{D858F2C4-3482-4D6F-8F9C-F01E7F75C528}.Release|Any CPU.ActiveCfg = Release|Any CPU
		{D858F2C4-3482-4D6F-8F9C-F01E7F75C528}.Release|Any CPU.Build.0 = Release|Any CPU
	EndGlobalSection
	GlobalSection(SolutionProperties) = preSolution
		HideSolutionNode = FALSE
	EndGlobalSection
	GlobalSection(ExtensibilityGlobals) = postSolution
		SolutionGuid = {8412EED0-187A-47AB-A578-DD606F176979}
	EndGlobalSection
EndGlobal
